
Microsoft Visual Studio Solution File, Format Version 12.00
# Visual Studio Version 16
VisualStudioVersion = 16.0.30523.141
MinimumVisualStudioVersion = 10.0.40219.1
Project("{FAE04EC0-301F-11D3-BF4B-00C04F79EFBC}") = "TradeCategory", "TradeCategory.csproj", "{CEC24874-DEE4-4474-93E4-00AF65ED888C}"
EndProject
Global
	GlobalSection(SolutionConfigurationPlatforms) = preSolution
		Debug|Any CPU = Debug|Any CPU
		Release|Any CPU = Release|Any CPU
	EndGlobalSection
	GlobalSection(ProjectConfigurationPlatforms) = postSolution
		{CEC24874-DEE4-4474-93E4-00AF65ED888C}.Debug|Any CPU.ActiveCfg = Debug|Any CPU
		{CEC24874-DEE4-4474-93E4-00AF65ED888C}.Debug|Any CPU.Build.0 = Debug|Any CPU
		{CEC24874-DEE4-4474-93E4-00AF65ED888C}.Release|Any CPU.ActiveCfg = Release|Any CPU
		{CEC24874-DEE4-4474-93E4-00AF65ED888C}.Release|Any CPU.Build.0 = Release|Any CPU
	EndGlobalSection
	GlobalSection(SolutionProperties) = preSolution
		HideSolutionNode = FALSE
	EndGlobalSection
	GlobalSection(ExtensibilityGlobals) = postSolution
		SolutionGuid = {57C7C7D9-4FB7-4F17-B91C-8FB46CE6DBBA}
	EndGlobalSection
EndGlobal
